
Microsoft Visual Studio Solution File, Format Version 12.00
# Visual Studio Version 16
VisualStudioVersion = 16.0.30907.101
MinimumVisualStudioVersion = 10.0.40219.1
Project("{9A19103F-16F7-4668-BE54-9A1E7A4F7556}") = "org.matheval", "org.matheval\org.matheval.csproj", "{85774930-C0E9-432C-A23F-015FB26F3897}"
EndProject
Project("{9A19103F-16F7-4668-BE54-9A1E7A4F7556}") = "UnitTest", "UnitTest\UnitTest.csproj", "{3FFECB40-1C8E-4362-9476-BEBB4EE329BD}"
EndProject
Global
	GlobalSection(SolutionConfigurationPlatforms) = preSolution
		Debug|Any CPU = Debug|Any CPU
		Release|Any CPU = Release|Any CPU
	EndGlobalSection
	GlobalSection(ProjectConfigurationPlatforms) = postSolution
		{85774930-C0E9-432C-A23F-015FB26F3897}.Debug|Any CPU.ActiveCfg = Debug|Any CPU
		{85774930-C0E9-432C-A23F-015FB26F3897}.Debug|Any CPU.Build.0 = Debug|Any CPU
		{85774930-C0E9-432C-A23F-015FB26F3897}.Release|Any CPU.ActiveCfg = Release|Any CPU
		{85774930-C0E9-432C-A23F-015FB26F3897}.Release|Any CPU.Build.0 = Release|Any CPU
		{3FFECB40-1C8E-4362-9476-BEBB4EE329BD}.Debug|Any CPU.ActiveCfg = Debug|Any CPU
		{3FFECB40-1C8E-4362-9476-BEBB4EE329BD}.Debug|Any CPU.Build.0 = Debug|Any CPU
		{3FFECB40-1C8E-4362-9476-BEBB4EE329BD}.Release|Any CPU.ActiveCfg = Release|Any CPU
		{3FFECB40-1C8E-4362-9476-BEBB4EE329BD}.Release|Any CPU.Build.0 = Release|Any CPU
	EndGlobalSection
	GlobalSection(SolutionProperties) = preSolution
		HideSolutionNode = FALSE
	EndGlobalSection
	GlobalSection(ExtensibilityGlobals) = postSolution
		SolutionGuid = {86D79D03-F1AE-4376-91E8-F69D9E1AA826}
	EndGlobalSection
EndGlobal
